{
  "name": "xwz_1220_2015",
  "version": "1.0.0",
  "lockfileVersion": 1,
  "requires": true,
  "dependencies": {
    "@vant/weapp": {
      "version": "1.4.3",
      "resolved": "https://registry.npmjs.org/@vant/weapp/-/weapp-1.4.3.tgz",
      "integrity": "sha512-5w3Buwj2+eT7h9+M0jV1XymmSAPRfw2ACg2bzwwvA/OWGF73Mb5tbE9eHTmFxNybAKnuHO3e8BLjcoI1BFS31g=="
    },
    "vant-weapp": {
      "version": "0.5.28",
      "resolved": "https://registry.npmjs.org/vant-weapp/-/vant-weapp-0.5.28.tgz",
      "integrity": "sha512-GAJ2PTLuhXHWpAD5B7DdRQdkEFMdjdduuMzKkThUjIiQ63ESnaJvIEUbW3RgiUNNV7PYXwhOFOd6woR/JsTFLA=="
    }
  }
}
